{
  "name": "element",
  "version": "1.0.0",
  "lockfileVersion": 1,
  "dependencies": {
    "element-theme-chalk": {
      "version": "2.1.0",
      "resolved": "http://r.cnpmjs.org/element-theme-chalk/download/element-theme-chalk-2.1.0.tgz",
      "integrity": "sha1-EkTD0314IXzTQlCGZmV7EAaKsiY=",
      "dev": true
    }
  }
}
